
Microsoft Visual Studio Solution File, Format Version 12.00
# Visual Studio Version 17
VisualStudioVersion = 17.0.31903.59
MinimumVisualStudioVersion = 10.0.40219.1
Project("{FAE04EC0-301F-11D3-BF4B-00C04F79EFBC}") = "RockPaperScissors.Core", "RockPaperScissors.Core\RockPaperScissors.Core.csproj", "{9DDFC6B1-DDB1-4705-9E75-9E3478F4EC87}"
EndProject
Project("{FAE04EC0-301F-11D3-BF4B-00C04F79EFBC}") = "RockPaperScissors.Application", "RockPaperScissors.Application\RockPaperScissors.Application.csproj", "{DD3DBD1C-3BB7-4A6D-838B-2686F0A65EA5}"
EndProject
Project("{FAE04EC0-301F-11D3-BF4B-00C04F79EFBC}") = "RockPaperScissors.Infrastructure", "RockPaperScissors.Infrastructure\RockPaperScissors.Infrastructure.csproj", "{CE16507F-ABE6-491F-A970-223AF04DC904}"
EndProject
Project("{FAE04EC0-301F-11D3-BF4B-00C04F79EFBC}") = "RockPaperScissors.Presentation", "RockPaperScissors.Presentation\RockPaperScissors.Presentation.csproj", "{E36A5C6C-A2FA-4BB1-9198-F7456743305F}"
EndProject
Project("{FAE04EC0-301F-11D3-BF4B-00C04F79EFBC}") = "RockPaperScissors.Tests", "RockPaperScissors.Tests\RockPaperScissors.Tests.csproj", "{CEAEDB67-38B4-4117-A072-667520C2ED85}"
EndProject
Global
	GlobalSection(SolutionConfigurationPlatforms) = preSolution
		Debug|Any CPU = Debug|Any CPU
		Debug|x64 = Debug|x64
		Debug|x86 = Debug|x86
		Release|Any CPU = Release|Any CPU
		Release|x64 = Release|x64
		Release|x86 = Release|x86
	EndGlobalSection
	GlobalSection(ProjectConfigurationPlatforms) = postSolution
		{9DDFC6B1-DDB1-4705-9E75-9E3478F4EC87}.Debug|Any CPU.ActiveCfg = Debug|Any CPU
		{9DDFC6B1-DDB1-4705-9E75-9E3478F4EC87}.Debug|Any CPU.Build.0 = Debug|Any CPU
		{9DDFC6B1-DDB1-4705-9E75-9E3478F4EC87}.Debug|x64.ActiveCfg = Debug|Any CPU
		{9DDFC6B1-DDB1-4705-9E75-9E3478F4EC87}.Debug|x64.Build.0 = Debug|Any CPU
		{9DDFC6B1-DDB1-4705-9E75-9E3478F4EC87}.Debug|x86.ActiveCfg = Debug|Any CPU
		{9DDFC6B1-DDB1-4705-9E75-9E3478F4EC87}.Debug|x86.Build.0 = Debug|Any CPU
		{9DDFC6B1-DDB1-4705-9E75-9E3478F4EC87}.Release|Any CPU.ActiveCfg = Release|Any CPU
		{9DDFC6B1-DDB1-4705-9E75-9E3478F4EC87}.Release|Any CPU.Build.0 = Release|Any CPU
		{9DDFC6B1-DDB1-4705-9E75-9E3478F4EC87}.Release|x64.ActiveCfg = Release|Any CPU
		{9DDFC6B1-DDB1-4705-9E75-9E3478F4EC87}.Release|x64.Build.0 = Release|Any CPU
		{9DDFC6B1-DDB1-4705-9E75-9E3478F4EC87}.Release|x86.ActiveCfg = Release|Any CPU
		{9DDFC6B1-DDB1-4705-9E75-9E3478F4EC87}.Release|x86.Build.0 = Release|Any CPU
		{DD3DBD1C-3BB7-4A6D-838B-2686F0A65EA5}.Debug|Any CPU.ActiveCfg = Debug|Any CPU
		{DD3DBD1C-3BB7-4A6D-838B-2686F0A65EA5}.Debug|Any CPU.Build.0 = Debug|Any CPU
		{DD3DBD1C-3BB7-4A6D-838B-2686F0A65EA5}.Debug|x64.ActiveCfg = Debug|Any CPU
		{DD3DBD1C-3BB7-4A6D-838B-2686F0A65EA5}.Debug|x64.Build.0 = Debug|Any CPU
		{DD3DBD1C-3BB7-4A6D-838B-2686F0A65EA5}.Debug|x86.ActiveCfg = Debug|Any CPU
		{DD3DBD1C-3BB7-4A6D-838B-2686F0A65EA5}.Debug|x86.Build.0 = Debug|Any CPU
		{DD3DBD1C-3BB7-4A6D-838B-2686F0A65EA5}.Release|Any CPU.ActiveCfg = Release|Any CPU
		{DD3DBD1C-3BB7-4A6D-838B-2686F0A65EA5}.Release|Any CPU.Build.0 = Release|Any CPU
		{DD3DBD1C-3BB7-4A6D-838B-2686F0A65EA5}.Release|x64.ActiveCfg = Release|Any CPU
		{DD3DBD1C-3BB7-4A6D-838B-2686F0A65EA5}.Release|x64.Build.0 = Release|Any CPU
		{DD3DBD1C-3BB7-4A6D-838B-2686F0A65EA5}.Release|x86.ActiveCfg = Release|Any CPU
		{DD3DBD1C-3BB7-4A6D-838B-2686F0A65EA5}.Release|x86.Build.0 = Release|Any CPU
		{CE16507F-ABE6-491F-A970-223AF04DC904}.Debug|Any CPU.ActiveCfg = Debug|Any CPU
		{CE16507F-ABE6-491F-A970-223AF04DC904}.Debug|Any CPU.Build.0 = Debug|Any CPU
		{CE16507F-ABE6-491F-A970-223AF04DC904}.Debug|x64.ActiveCfg = Debug|Any CPU
		{CE16507F-ABE6-491F-A970-223AF04DC904}.Debug|x64.Build.0 = Debug|Any CPU
		{CE16507F-ABE6-491F-A970-223AF04DC904}.Debug|x86.ActiveCfg = Debug|Any CPU
		{CE16507F-ABE6-491F-A970-223AF04DC904}.Debug|x86.Build.0 = Debug|Any CPU
		{CE16507F-ABE6-491F-A970-223AF04DC904}.Release|Any CPU.ActiveCfg = Release|Any CPU
		{CE16507F-ABE6-491F-A970-223AF04DC904}.Release|Any CPU.Build.0 = Release|Any CPU
		{CE16507F-ABE6-491F-A970-223AF04DC904}.Release|x64.ActiveCfg = Release|Any CPU
		{CE16507F-ABE6-491F-A970-223AF04DC904}.Release|x64.Build.0 = Release|Any CPU
		{CE16507F-ABE6-491F-A970-223AF04DC904}.Release|x86.ActiveCfg = Release|Any CPU
		{CE16507F-ABE6-491F-A970-223AF04DC904}.Release|x86.Build.0 = Release|Any CPU
		{E36A5C6C-A2FA-4BB1-9198-F7456743305F}.Debug|Any CPU.ActiveCfg = Debug|Any CPU
		{E36A5C6C-A2FA-4BB1-9198-F7456743305F}.Debug|Any CPU.Build.0 = Debug|Any CPU
		{E36A5C6C-A2FA-4BB1-9198-F7456743305F}.Debug|x64.ActiveCfg = Debug|Any CPU
		{E36A5C6C-A2FA-4BB1-9198-F7456743305F}.Debug|x64.Build.0 = Debug|Any CPU
		{E36A5C6C-A2FA-4BB1-9198-F7456743305F}.Debug|x86.ActiveCfg = Debug|Any CPU
		{E36A5C6C-A2FA-4BB1-9198-F7456743305F}.Debug|x86.Build.0 = Debug|Any CPU
		{E36A5C6C-A2FA-4BB1-9198-F7456743305F}.Release|Any CPU.ActiveCfg = Release|Any CPU
		{E36A5C6C-A2FA-4BB1-9198-F7456743305F}.Release|Any CPU.Build.0 = Release|Any CPU
		{E36A5C6C-A2FA-4BB1-9198-F7456743305F}.Release|x64.ActiveCfg = Release|Any CPU
		{E36A5C6C-A2FA-4BB1-9198-F7456743305F}.Release|x64.Build.0 = Release|Any CPU
		{E36A5C6C-A2FA-4BB1-9198-F7456743305F}.Release|x86.ActiveCfg = Release|Any CPU
		{E36A5C6C-A2FA-4BB1-9198-F7456743305F}.Release|x86.Build.0 = Release|Any CPU
		{CEAEDB67-38B4-4117-A072-667520C2ED85}.Debug|Any CPU.ActiveCfg = Debug|Any CPU
		{CEAEDB67-38B4-4117-A072-667520C2ED85}.Debug|Any CPU.Build.0 = Debug|Any CPU
		{CEAEDB67-38B4-4117-A072-667520C2ED85}.Debug|x64.ActiveCfg = Debug|Any CPU
		{CEAEDB67-38B4-4117-A072-667520C2ED85}.Debug|x64.Build.0 = Debug|Any CPU
		{CEAEDB67-38B4-4117-A072-667520C2ED85}.Debug|x86.ActiveCfg = Debug|Any CPU
		{CEAEDB67-38B4-4117-A072-667520C2ED85}.Debug|x86.Build.0 = Debug|Any CPU
		{CEAEDB67-38B4-4117-A072-667520C2ED85}.Release|Any CPU.ActiveCfg = Release|Any CPU
		{CEAEDB67-38B4-4117-A072-667520C2ED85}.Release|Any CPU.Build.0 = Release|Any CPU
		{CEAEDB67-38B4-4117-A072-667520C2ED85}.Release|x64.ActiveCfg = Release|Any CPU
		{CEAEDB67-38B4-4117-A072-667520C2ED85}.Release|x64.Build.0 = Release|Any CPU
		{CEAEDB67-38B4-4117-A072-667520C2ED85}.Release|x86.ActiveCfg = Release|Any CPU
		{CEAEDB67-38B4-4117-A072-667520C2ED85}.Release|x86.Build.0 = Release|Any CPU
	EndGlobalSection
	GlobalSection(SolutionProperties) = preSolution
		HideSolutionNode = FALSE
	EndGlobalSection
EndGlobal
